
Microsoft Visual Studio Solution File, Format Version 12.00
# Visual Studio Version 16
VisualStudioVersion = 16.0.31019.35
MinimumVisualStudioVersion = 10.0.40219.1
Project("{9A19103F-16F7-4668-BE54-9A1E7A4F7556}") = "EndpointsManager", "EndpointsManager\EndpointsManager.csproj", "{AE594752-1ABD-4533-AA5E-495E47D207D4}"
EndProject
Project("{FAE04EC0-301F-11D3-BF4B-00C04F79EFBC}") = "UnitTestProject", "UnitTestProject\UnitTestProject.csproj", "{66AC230D-664D-4A01-B720-E5F0BE949941}"
EndProject
Global
	GlobalSection(SolutionConfigurationPlatforms) = preSolution
		Debug|Any CPU = Debug|Any CPU
		Release|Any CPU = Release|Any CPU
	EndGlobalSection
	GlobalSection(ProjectConfigurationPlatforms) = postSolution
		{AE594752-1ABD-4533-AA5E-495E47D207D4}.Debug|Any CPU.ActiveCfg = Debug|Any CPU
		{AE594752-1ABD-4533-AA5E-495E47D207D4}.Debug|Any CPU.Build.0 = Debug|Any CPU
		{AE594752-1ABD-4533-AA5E-495E47D207D4}.Release|Any CPU.ActiveCfg = Release|Any CPU
		{AE594752-1ABD-4533-AA5E-495E47D207D4}.Release|Any CPU.Build.0 = Release|Any CPU
		{66AC230D-664D-4A01-B720-E5F0BE949941}.Debug|Any CPU.ActiveCfg = Debug|Any CPU
		{66AC230D-664D-4A01-B720-E5F0BE949941}.Debug|Any CPU.Build.0 = Debug|Any CPU
		{66AC230D-664D-4A01-B720-E5F0BE949941}.Release|Any CPU.ActiveCfg = Release|Any CPU
		{66AC230D-664D-4A01-B720-E5F0BE949941}.Release|Any CPU.Build.0 = Release|Any CPU
	EndGlobalSection
	GlobalSection(SolutionProperties) = preSolution
		HideSolutionNode = FALSE
	EndGlobalSection
	GlobalSection(ExtensibilityGlobals) = postSolution
		SolutionGuid = {0184D6CA-0F0D-420A-B470-2CA7B7357D14}
	EndGlobalSection
EndGlobal
